
Microsoft Visual Studio Solution File, Format Version 12.00
# Visual Studio Version 17
VisualStudioVersion = 17.5.33530.505
MinimumVisualStudioVersion = 10.0.40219.1
Project("{9A19103F-16F7-4668-BE54-9A1E7A4F7556}") = "SampleAPI", "SampleAPI\SampleAPI.csproj", "{012FC468-906D-4874-82F0-1628443B2C1E}"
EndProject
Project("{9A19103F-16F7-4668-BE54-9A1E7A4F7556}") = "SampleAPI.UnitTest", "SampleAPI.UnitTest\SampleAPI.UnitTest.csproj", "{90341452-D80F-4484-985A-75AE1C56C628}"
EndProject
Global
	GlobalSection(SolutionConfigurationPlatforms) = preSolution
		Debug|Any CPU = Debug|Any CPU
		Release|Any CPU = Release|Any CPU
	EndGlobalSection
	GlobalSection(ProjectConfigurationPlatforms) = postSolution
		{012FC468-906D-4874-82F0-1628443B2C1E}.Debug|Any CPU.ActiveCfg = Debug|Any CPU
		{012FC468-906D-4874-82F0-1628443B2C1E}.Debug|Any CPU.Build.0 = Debug|Any CPU
		{012FC468-906D-4874-82F0-1628443B2C1E}.Release|Any CPU.ActiveCfg = Release|Any CPU
		{012FC468-906D-4874-82F0-1628443B2C1E}.Release|Any CPU.Build.0 = Release|Any CPU
		{90341452-D80F-4484-985A-75AE1C56C628}.Debug|Any CPU.ActiveCfg = Debug|Any CPU
		{90341452-D80F-4484-985A-75AE1C56C628}.Debug|Any CPU.Build.0 = Debug|Any CPU
		{90341452-D80F-4484-985A-75AE1C56C628}.Release|Any CPU.ActiveCfg = Release|Any CPU
		{90341452-D80F-4484-985A-75AE1C56C628}.Release|Any CPU.Build.0 = Release|Any CPU
	EndGlobalSection
	GlobalSection(SolutionProperties) = preSolution
		HideSolutionNode = FALSE
	EndGlobalSection
	GlobalSection(ExtensibilityGlobals) = postSolution
		SolutionGuid = {01E89CB4-F5B3-4CAE-810D-A5519031D4D3}
	EndGlobalSection
EndGlobal
