
Microsoft Visual Studio Solution File, Format Version 12.00
# Visual Studio Version 17
VisualStudioVersion = 17.5.33530.505
MinimumVisualStudioVersion = 10.0.40219.1
Project("{9A19103F-16F7-4668-BE54-9A1E7A4F7556}") = "SampleAPI", "SampleAPI.csproj", "{CAF8074D-0BAD-4E01-941C-596B7BC03BB4}"
EndProject
Global
	GlobalSection(SolutionConfigurationPlatforms) = preSolution
		Debug|Any CPU = Debug|Any CPU
		Release|Any CPU = Release|Any CPU
	EndGlobalSection
	GlobalSection(ProjectConfigurationPlatforms) = postSolution
		{CAF8074D-0BAD-4E01-941C-596B7BC03BB4}.Debug|Any CPU.ActiveCfg = Debug|Any CPU
		{CAF8074D-0BAD-4E01-941C-596B7BC03BB4}.Debug|Any CPU.Build.0 = Debug|Any CPU
		{CAF8074D-0BAD-4E01-941C-596B7BC03BB4}.Release|Any CPU.ActiveCfg = Release|Any CPU
		{CAF8074D-0BAD-4E01-941C-596B7BC03BB4}.Release|Any CPU.Build.0 = Release|Any CPU
	EndGlobalSection
	GlobalSection(SolutionProperties) = preSolution
		HideSolutionNode = FALSE
	EndGlobalSection
	GlobalSection(ExtensibilityGlobals) = postSolution
		SolutionGuid = {01E89CB4-F5B3-4CAE-810D-A5519031D4D3}
	EndGlobalSection
EndGlobal
